<?xml version="1.0" encoding="utf-8"?>
<Project ToolsVersion="4.0" xmlns="http://schemas.microsoft.com/developer/msbuild/2003">
  <ItemGroup>
    <Filter Include="Source Files">
      <UniqueIdentifier>{4FC737F1-C7A5-4376-A066-2A32D752A2FF}</UniqueIdentifier>
      <Extensions>cpp;c;cc;cxx;def;odl;idl;hpj;bat;asm;asmx</Extensions>
    </Filter>
    <Filter Include="Header Files">
      <UniqueIdentifier>{93995380-89BD-4b04-88EB-625FBE52EBFB}</UniqueIdentifier>
      <Extensions>h;hh;hpp;hxx;hm;inl;inc;ipp;xsd</Extensions>
    </Filter>
    <Filter Include="Resource Files">
      <UniqueIdentifier>{67DA6AB6-F800-4c08-8B7A-83BB121AAD01}</UniqueIdentifier>
      <Extensions>rc;ico;cur;bmp;dlg;rc2;rct;bin;rgs;gif;jpg;jpeg;jpe;resx;tiff;tif;png;wav;mfcribbon-ms</Extensions>
    </Filter>
    <Filter Include="Header Files\Core">
      <UniqueIdentifier>{c0bca6f3-71ba-480a-a137-e4e5f4fecb00}</UniqueIdentifier>
    </Filter>
    <Filter Include="Header Files\States">
      <UniqueIdentifier>{318db51e-29be-4273-ba80-0048b8a875ee}</UniqueIdentifier>
    </Filter>
    <Filter Include="Source Files\States">
      <UniqueIdentifier>{47b3b153-d271-47d3-a3a5-2dce22ecfbb0}</UniqueIdentifier>
    </Filter>
    <Filter Include="Header Files\Entities">
      <UniqueIdentifier>{8bc96c49-fb66-4e0e-8394-89219cd2e92f}</UniqueIdentifier>
    </Filter>
    <Filter Include="Source Files\Entities">
      <UniqueIdentifier>{9d10862e-8ddf-4081-827e-16cd190703ed}</UniqueIdentifier>
    </Filter>
  </ItemGroup>
  <ItemGroup>
    <ClCompile Include="main.cpp">
      <Filter>Source Files</Filter>
    </ClCompile>
    <ClCompile Include="main_menu.cpp">
      <Filter>Source Files\States</Filter>
    </ClCompile>
    <ClCompile Include="game.cpp">
      <Filter>Source Files\States</Filter>
    </ClCompile>
    <ClCompile Include="paddle_player.cpp">
      <Filter>Source Files\Entities</Filter>
    </ClCompile>
    <ClCompile Include="ball.cpp">
      <Filter>Source Files\Entities</Filter>
    </ClCompile>
    <ClCompile Include="score.cpp">
      <Filter>Source Files\Entities</Filter>
    </ClCompile>
  </ItemGroup>
  <ItemGroup>
    <ClInclude Include="main_menu.h">
      <Filter>Header Files\States</Filter>
    </ClInclude>
    <ClInclude Include="game.h">
      <Filter>Header Files\States</Filter>
    </ClInclude>
    <ClInclude Include="game_state.h">
      <Filter>Header Files\Core</Filter>
    </ClInclude>
    <ClInclude Include="entity.h">
      <Filter>Header Files\Core</Filter>
    </ClInclude>
    <ClInclude Include="paddle_player.h">
      <Filter>Header Files\Entities</Filter>
    </ClInclude>
    <ClInclude Include="ball.h">
      <Filter>Header Files\Entities</Filter>
    </ClInclude>
    <ClInclude Include="score.h">
      <Filter>Header Files\Entities</Filter>
    </ClInclude>
  </ItemGroup>
</Project>